
Microsoft Visual Studio Solution File, Format Version 12.00
# Visual Studio Version 16
VisualStudioVersion = 16.0.30011.22
MinimumVisualStudioVersion = 10.0.40219.1
Project("{FAE04EC0-301F-11D3-BF4B-00C04F79EFBC}") = "BusinessLogic", "BusinessLogic\BusinessLogic.csproj", "{B87C4D29-11C4-46E2-A15A-261EBA07F143}"
EndProject
Project("{FAE04EC0-301F-11D3-BF4B-00C04F79EFBC}") = "DatabaseImplement", "DatabaseImplement\DatabaseImplement.csproj", "{2854238B-813C-4ADD-B67B-2F6D9D0ED6A6}"
EndProject
Project("{FAE04EC0-301F-11D3-BF4B-00C04F79EFBC}") = "Forms", "Forms\Forms.csproj", "{29620CDD-E0AD-4924-9643-584E90A2370B}"
EndProject
Global
	GlobalSection(SolutionConfigurationPlatforms) = preSolution
		Debug|Any CPU = Debug|Any CPU
		Release|Any CPU = Release|Any CPU
	EndGlobalSection
	GlobalSection(ProjectConfigurationPlatforms) = postSolution
		{B87C4D29-11C4-46E2-A15A-261EBA07F143}.Debug|Any CPU.ActiveCfg = Debug|Any CPU
		{B87C4D29-11C4-46E2-A15A-261EBA07F143}.Debug|Any CPU.Build.0 = Debug|Any CPU
		{B87C4D29-11C4-46E2-A15A-261EBA07F143}.Release|Any CPU.ActiveCfg = Release|Any CPU
		{B87C4D29-11C4-46E2-A15A-261EBA07F143}.Release|Any CPU.Build.0 = Release|Any CPU
		{2854238B-813C-4ADD-B67B-2F6D9D0ED6A6}.Debug|Any CPU.ActiveCfg = Debug|Any CPU
		{2854238B-813C-4ADD-B67B-2F6D9D0ED6A6}.Debug|Any CPU.Build.0 = Debug|Any CPU
		{2854238B-813C-4ADD-B67B-2F6D9D0ED6A6}.Release|Any CPU.ActiveCfg = Release|Any CPU
		{2854238B-813C-4ADD-B67B-2F6D9D0ED6A6}.Release|Any CPU.Build.0 = Release|Any CPU
		{29620CDD-E0AD-4924-9643-584E90A2370B}.Debug|Any CPU.ActiveCfg = Debug|Any CPU
		{29620CDD-E0AD-4924-9643-584E90A2370B}.Debug|Any CPU.Build.0 = Debug|Any CPU
		{29620CDD-E0AD-4924-9643-584E90A2370B}.Release|Any CPU.ActiveCfg = Release|Any CPU
		{29620CDD-E0AD-4924-9643-584E90A2370B}.Release|Any CPU.Build.0 = Release|Any CPU
	EndGlobalSection
	GlobalSection(SolutionProperties) = preSolution
		HideSolutionNode = FALSE
	EndGlobalSection
	GlobalSection(ExtensibilityGlobals) = postSolution
		SolutionGuid = {700171F5-1D1E-4A4B-91A2-B2FD293345DE}
	EndGlobalSection
EndGlobal
